// !$*UTF8*$!
{
	archiveVersion = 1;
	classes = {
	};
	objectVersion = 48;
	objects = {

/* Begin PBXBuildFile section */
		661A3FF51F31DA1400E6474C /* AppDelegate.swift in Sources */ = {isa = PBXBuildFile; fileRef = 661A3FF41F31DA1400E6474C /* AppDelegate.swift */; };
		661A3FF71F31DA1400E6474C /* art.scnassets in Resources */ = {isa = PBXBuildFile; fileRef = 661A3FF61F31DA1400E6474C /* art.scnassets */; };
		661A3FF91F31DA1400E6474C /* ViewController.swift in Sources */ = {isa = PBXBuildFile; fileRef = 661A3FF81F31DA1400E6474C /* ViewController.swift */; };
		661A3FFC1F31DA1400E6474C /* Main.storyboard in Resources */ = {isa = PBXBuildFile; fileRef = 661A3FFA1F31DA1400E6474C /* Main.storyboard */; };
		661A3FFE1F31DA1400E6474C /* Assets.xcassets in Resources */ = {isa = PBXBuildFile; fileRef = 661A3FFD1F31DA1400E6474C /* Assets.xcassets */; };
		661A40011F31DA1400E6474C /* LaunchScreen.storyboard in Resources */ = {isa = PBXBuildFile; fileRef = 661A3FFF1F31DA1400E6474C /* LaunchScreen.storyboard */; };
		6638F5551F323A8500979FA9 /* ChooseModelViewController.swift in Sources */ = {isa = PBXBuildFile; fileRef = 6638F5541F323A8500979FA9 /* ChooseModelViewController.swift */; };
/* End PBXBuildFile section */

/* Begin PBXFileReference section */
		661A3FF11F31DA1400E6474C /* MyFirstARApp.app */ = {isa = PBXFileReference; explicitFileType = wrapper.application; includeInIndex = 0; path = MyFirstARApp.app; sourceTree = BUILT_PRODUCTS_DIR; };
		661A3FF41F31DA1400E6474C /* AppDelegate.swift */ = {isa = PBXFileReference; lastKnownFileType = sourcecode.swift; path = AppDelegate.swift; sourceTree = "<group>"; };
		661A3FF61F31DA1400E6474C /* art.scnassets */ = {isa = PBXFileReference; lastKnownFileType = wrapper.scnassets; path = art.scnassets; sourceTree = "<group>"; };
		661A3FF81F31DA1400E6474C /* ViewController.swift */ = {isa = PBXFileReference; lastKnownFileType = sourcecode.swift; path = ViewController.swift; sourceTree = "<group>"; };
		661A3FFB1F31DA1400E6474C /* Base */ = {isa = PBXFileReference; lastKnownFileType = file.storyboard; name = Base; path = Base.lproj/Main.storyboard; sourceTree = "<group>"; };
		661A3FFD1F31DA1400E6474C /* Assets.xcassets */ = {isa = PBXFileReference; lastKnownFileType = folder.assetcatalog; path = Assets.xcassets; sourceTree = "<group>"; };
		661A40001F31DA1400E6474C /* Base */ = {isa = PBXFileReference; lastKnownFileType = file.storyboard; name = Base; path = Base.lproj/LaunchScreen.storyboard; sourceTree = "<group>"; };
		661A40021F31DA1400E6474C /* Info.plist */ = {isa = PBXFileReference; lastKnownFileType = text.plist.xml; path = Info.plist; sourceTree = "<group>"; };
		6638F5541F323A8500979FA9 /* ChooseModelViewController.swift */ = {isa = PBXFileReference; lastKnownFileType = sourcecode.swift; path = ChooseModelViewController.swift; sourceTree = "<group>"; };
/* End PBXFileReference section */

/* Begin PBXFrameworksBuildPhase section */
		661A3FEE1F31DA1400E6474C /* Frameworks */ = {
			isa = PBXFrameworksBuildPhase;
			buildActionMask = 2147483647;
			files = (
			);
			runOnlyForDeploymentPostprocessing = 0;
		};
/* End PBXFrameworksBuildPhase section */

/* Begin PBXGroup section */
		661A3FE81F31DA1400E6474C = {
			isa = PBXGroup;
			children = (
				661A3FF31F31DA1400E6474C /* MyFirstARApp */,
				661A3FF21F31DA1400E6474C /* Products */,
			);
			sourceTree = "<group>";
		};
		661A3FF21F31DA1400E6474C /* Products */ = {
			isa = PBXGroup;
			children = (
				661A3FF11F31DA1400E6474C /* MyFirstARApp.app */,
			);
			name = Products;
			sourceTree = "<group>";
		};
		661A3FF31F31DA1400E6474C /* MyFirstARApp */ = {
			isa = PBXGroup;
			children = (
				661A3FF41F31DA1400E6474C /* AppDelegate.swift */,
				6638F5541F323A8500979FA9 /* ChooseModelViewController.swift */,
				661A3FF61F31DA1400E6474C /* art.scnassets */,
				661A3FF81F31DA1400E6474C /* ViewController.swift */,
				661A3FFA1F31DA1400E6474C /* Main.storyboard */,
				661A3FFD1F31DA1400E6474C /* Assets.xcassets */,
				661A3FFF1F31DA1400E6474C /* LaunchScreen.storyboard */,
				661A40021F31DA1400E6474C /* Info.plist */,
			);
			path = MyFirstARApp;
			sourceTree = "<group>";
		};
/* End PBXGroup section */

/* Begin PBXNativeTarget section */
		661A3FF01F31DA1400E6474C /* MyFirstARApp */ = {
			isa = PBXNativeTarget;
			buildConfigurationList = 661A40051F31DA1400E6474C /* Build configuration list for PBXNativeTarget "MyFirstARApp" */;
			buildPhases = (
				661A3FED1F31DA1400E6474C /* Sources */,
				661A3FEE1F31DA1400E6474C /* Frameworks */,
				661A3FEF1F31DA1400E6474C /* Resources */,
			);
			buildRules = (
			);
			dependencies = (
			);
			name = MyFirstARApp;
			productName = MyFirstARApp;
			productReference = 661A3FF11F31DA1400E6474C /* MyFirstARApp.app */;
			productType = "com.apple.product-type.application";
		};
/* End PBXNativeTarget section */

/* Begin PBXProject section */
		661A3FE91F31DA1400E6474C /* Project object */ = {
			isa = PBXProject;
			attributes = {
				LastSwiftUpdateCheck = 0900;
				LastUpgradeCheck = 0900;
				ORGANIZATIONNAME = "Digital Leaves";
				TargetAttributes = {
					661A3FF01F31DA1400E6474C = {
						CreatedOnToolsVersion = 9.0;
					};
				};
			};
			buildConfigurationList = 661A3FEC1F31DA1400E6474C /* Build configuration list for PBXProject "MyFirstARApp" */;
			compatibilityVersion = "Xcode 8.0";
			developmentRegion = en;
			hasScannedForEncodings = 0;
			knownRegions = (
				en,
				Base,
			);
			mainGroup = 661A3FE81F31DA1400E6474C;
			productRefGroup = 661A3FF21F31DA1400E6474C /* Products */;
			projectDirPath = "";
			projectRoot = "";
			targets = (
				661A3FF01F31DA1400E6474C /* MyFirstARApp */,
			);
		};
/* End PBXProject section */

/* Begin PBXResourcesBuildPhase section */
		661A3FEF1F31DA1400E6474C /* Resources */ = {
			isa = PBXResourcesBuildPhase;
			buildActionMask = 2147483647;
			files = (
				661A3FF71F31DA1400E6474C /* art.scnassets in Resources */,
				661A40011F31DA1400E6474C /* LaunchScreen.storyboard in Resources */,
				661A3FFE1F31DA1400E6474C /* Assets.xcassets in Resources */,
				661A3FFC1F31DA1400E6474C /* Main.storyboard in Resources */,
			);
			runOnlyForDeploymentPostprocessing = 0;
		};
/* End PBXResourcesBuildPhase section */

/* Begin PBXSourcesBuildPhase section */
		661A3FED1F31DA1400E6474C /* Sources */ = {
			isa = PBXSourcesBuildPhase;
			buildActionMask = 2147483647;
			files = (
				6638F5551F323A8500979FA9 /* ChooseModelViewController.swift in Sources */,
				661A3FF91F31DA1400E6474C /* ViewController.swift in Sources */,
				661A3FF51F31DA1400E6474C /* AppDelegate.swift in Sources */,
			);
			runOnlyForDeploymentPostprocessing = 0;
		};
/* End PBXSourcesBuildPhase section */

/* Begin PBXVariantGroup section */
		661A3FFA1F31DA1400E6474C /* Main.storyboard */ = {
			isa = PBXVariantGroup;
			children = (
				661A3FFB1F31DA1400E6474C /* Base */,
			);
			name = Main.storyboard;
			sourceTree = "<group>";
		};
		661A3FFF1F31DA1400E6474C /* LaunchScreen.storyboard */ = {
			isa = PBXVariantGroup;
			children = (
				661A40001F31DA1400E6474C /* Base */,
			);
			name = LaunchScreen.storyboard;
			sourceTree = "<group>";
		};
/* End PBXVariantGroup section */

/* Begin XCBuildConfiguration section */
		661A40031F31DA1400E6474C /* Debug */ = {
			isa = XCBuildConfiguration;
			buildSettings = {
				ALWAYS_SEARCH_USER_PATHS = NO;
				CLANG_ANALYZER_NONNULL = YES;
				CLANG_ANALYZER_NUMBER_OBJECT_CONVERSION = YES_AGGRESSIVE;
				CLANG_CXX_LANGUAGE_STANDARD = "gnu++14";
				CLANG_CXX_LIBRARY = "libc++";
				CLANG_ENABLE_MODULES = YES;
				CLANG_ENABLE_OBJC_ARC = YES;
				CLANG_WARN_BLOCK_CAPTURE_AUTORELEASING = YES;
				CLANG_WARN_BOOL_CONVERSION = YES;
				CLANG_WARN_COMMA = YES;
				CLANG_WARN_CONSTANT_CONVERSION = YES;
				CLANG_WARN_DIRECT_OBJC_ISA_USAGE = YES_ERROR;
				CLANG_WARN_DOCUMENTATION_COMMENTS = YES;
				CLANG_WARN_EMPTY_BODY = YES;
				CLANG_WARN_ENUM_CONVERSION = YES;
				CLANG_WARN_INFINITE_RECURSION = YES;
				CLANG_WARN_INT_CONVERSION = YES;
				CLANG_WARN_NON_LITERAL_NULL_CONVERSION = YES;
				CLANG_WARN_OBJC_LITERAL_CONVERSION = YES;
				CLANG_WARN_OBJC_ROOT_CLASS = YES_ERROR;
				CLANG_WARN_RANGE_LOOP_ANALYSIS = YES;
				CLANG_WARN_STRICT_PROTOTYPES = YES;
				CLANG_WARN_SUSPICIOUS_MOVE = YES;
				CLANG_WARN_UNGUARDED_AVAILABILITY = YES_AGGRESSIVE;
				CLANG_WARN_UNREACHABLE_CODE = YES;
				CLANG_WARN__DUPLICATE_METHOD_MATCH = YES;
				CODE_SIGN_IDENTITY = "iPhone Developer";
				COPY_PHASE_STRIP = NO;
				DEBUG_INFORMATION_FORMAT = dwarf;
				ENABLE_STRICT_OBJC_MSGSEND = YES;
				ENABLE_TESTABILITY = YES;
				GCC_C_LANGUAGE_STANDARD = gnu11;
				GCC_DYNAMIC_NO_PIC = NO;
				GCC_NO_COMMON_BLOCKS = YES;
				GCC_OPTIMIZATION_LEVEL = 0;
				GCC_PREPROCESSOR_DEFINITIONS = (
					"DEBUG=1",
					"$(inherited)",
				);
				GCC_WARN_64_TO_32_BIT_CONVERSION = YES;
				GCC_WARN_ABOUT_RETURN_TYPE = YES_ERROR;
				GCC_WARN_UNDECLARED_SELECTOR = YES;
				GCC_WARN_UNINITIALIZED_AUTOS = YES_AGGRESSIVE;
				GCC_WARN_UNUSED_FUNCTION = YES;
				GCC_WARN_UNUSED_VARIABLE = YES;
				IPHONEOS_DEPLOYMENT_TARGET = 11.0;
				MTL_ENABLE_DEBUG_INFO = YES;
				ONLY_ACTIVE_ARCH = YES;
				SDKROOT = iphoneos;
				SWIFT_ACTIVE_COMPILATION_CONDITIONS = DEBUG;
				SWIFT_OPTIMIZATION_LEVEL = "-Onone";
			};
			name = Debug;
		};
		661A40041F31DA1400E6474C /* Release */ = {
			isa = XCBuildConfiguration;
			buildSettings = {
				ALWAYS_SEARCH_USER_PATHS = NO;
				CLANG_ANALYZER_NONNULL = YES;
				CLANG_ANALYZER_NUMBER_OBJECT_CONVERSION = YES_AGGRESSIVE;
				CLANG_CXX_LANGUAGE_STANDARD = "gnu++14";
				CLANG_CXX_LIBRARY = "libc++";
				CLANG_ENABLE_MODULES = YES;
				CLANG_ENABLE_OBJC_ARC = YES;
				CLANG_WARN_BLOCK_CAPTURE_AUTORELEASING = YES;
				CLANG_WARN_BOOL_CONVERSION = YES;
				CLANG_WARN_COMMA = YES;
				CLANG_WARN_CONSTANT_CONVERSION = YES;
				CLANG_WARN_DIRECT_OBJC_ISA_USAGE = YES_ERROR;
				CLANG_WARN_DOCUMENTATION_COMMENTS = YES;
				CLANG_WARN_EMPTY_BODY = YES;
				CLANG_WARN_ENUM_CONVERSION = YES;
				CLANG_WARN_INFINITE_RECURSION = YES;
				CLANG_WARN_INT_CONVERSION = YES;
				CLANG_WARN_NON_LITERAL_NULL_CONVERSION = YES;
				CLANG_WARN_OBJC_LITERAL_CONVERSION = YES;
				CLANG_WARN_OBJC_ROOT_CLASS = YES_ERROR;
				CLANG_WARN_RANGE_LOOP_ANALYSIS = YES;
				CLANG_WARN_STRICT_PROTOTYPES = YES;
				CLANG_WARN_SUSPICIOUS_MOVE = YES;
				CLANG_WARN_UNGUARDED_AVAILABILITY = YES_AGGRESSIVE;
				CLANG_WARN_UNREACHABLE_CODE = YES;
				CLANG_WARN__DUPLICATE_METHOD_MATCH = YES;
				CODE_SIGN_IDENTITY = "iPhone Developer";
				COPY_PHASE_STRIP = NO;
				DEBUG_INFORMATION_FORMAT = "dwarf-with-dsym";
				ENABLE_NS_ASSERTIONS = NO;
				ENABLE_STRICT_OBJC_MSGSEND = YES;
				GCC_C_LANGUAGE_STANDARD = gnu11;
				GCC_NO_COMMON_BLOCKS = YES;
				GCC_WARN_64_TO_32_BIT_CONVERSION = YES;
				GCC_WARN_ABOUT_RETURN_TYPE = YES_ERROR;
				GCC_WARN_UNDECLARED_SELECTOR = YES;
				GCC_WARN_UNINITIALIZED_AUTOS = YES_AGGRESSIVE;
				GCC_WARN_UNUSED_FUNCTION = YES;
				GCC_WARN_UNUSED_VARIABLE = YES;
				IPHONEOS_DEPLOYMENT_TARGET = 11.0;
				MTL_ENABLE_DEBUG_INFO = NO;
				SDKROOT = iphoneos;
				SWIFT_OPTIMIZATION_LEVEL = "-Owholemodule";
				VALIDATE_PRODUCT = YES;
			};
			name = Release;
		};
		661A40061F31DA1400E6474C /* Debug */ = {
			isa = XCBuildConfiguration;
			buildSettings = {
				ASSETCATALOG_COMPILER_APPICON_NAME = AppIcon;
				DEVELOPMENT_TEAM = 97P9DZHP78;
				INFOPLIST_FILE = MyFirstARApp/Info.plist;
				LD_RUNPATH_SEARCH_PATHS = "$(inherited) @executable_path/Frameworks";
				PRODUCT_BUNDLE_IDENTIFIER = com.DigitalLeaves.MyFirstARApp;
				PRODUCT_NAME = "$(TARGET_NAME)";
				SWIFT_VERSION = 4.0;
				TARGETED_DEVICE_FAMILY = "1,2";
			};
			name = Debug;
		};
		661A40071F31DA1400E6474C /* Release */ = {
			isa = XCBuildConfiguration;
			buildSettings = {
				ASSETCATALOG_COMPILER_APPICON_NAME = AppIcon;
				DEVELOPMENT_TEAM = 97P9DZHP78;
				INFOPLIST_FILE = MyFirstARApp/Info.plist;
				LD_RUNPATH_SEARCH_PATHS = "$(inherited) @executable_path/Frameworks";
				PRODUCT_BUNDLE_IDENTIFIER = com.DigitalLeaves.MyFirstARApp;
				PRODUCT_NAME = "$(TARGET_NAME)";
				SWIFT_VERSION = 4.0;
				TARGETED_DEVICE_FAMILY = "1,2";
			};
			name = Release;
		};
/* End XCBuildConfiguration section */

/* Begin XCConfigurationList section */
		661A3FEC1F31DA1400E6474C /* Build configuration list for PBXProject "MyFirstARApp" */ = {
			isa = XCConfigurationList;
			buildConfigurations = (
				661A40031F31DA1400E6474C /* Debug */,
				661A40041F31DA1400E6474C /* Release */,
			);
			defaultConfigurationIsVisible = 0;
			defaultConfigurationName = Release;
		};
		661A40051F31DA1400E6474C /* Build configuration list for PBXNativeTarget "MyFirstARApp" */ = {
			isa = XCConfigurationList;
			buildConfigurations = (
				661A40061F31DA1400E6474C /* Debug */,
				661A40071F31DA1400E6474C /* Release */,
			);
			defaultConfigurationIsVisible = 0;
			defaultConfigurationName = Release;
		};
/* End XCConfigurationList section */
	};
	rootObject = 661A3FE91F31DA1400E6474C /* Project object */;
}
